
Microsoft Visual Studio Solution File, Format Version 12.00
# Visual Studio Version 17
VisualStudioVersion = 17.12.35527.113
MinimumVisualStudioVersion = 10.0.40219.1
Project("{2150E333-8FDC-42A3-9474-1A3956D46DE8}") = "SolutionItems", "SolutionItems", "{607A54DC-1F16-4EDF-86DA-5D590292588F}"
	ProjectSection(SolutionItems) = preProject
		docker-compose.override.yml = docker-compose.override.yml
		docker-compose.yml = docker-compose.yml
		README.md = README.md
	EndProjectSection
EndProject
Project("{2150E333-8FDC-42A3-9474-1A3956D46DE8}") = "src", "src", "{D4667548-2890-4EE9-A135-C250ACABB418}"
EndProject
Project("{2150E333-8FDC-42A3-9474-1A3956D46DE8}") = "ApiGateways", "ApiGateways", "{08757548-6F8B-49A1-96AE-8BE1C0425269}"
EndProject
Project("{2150E333-8FDC-42A3-9474-1A3956D46DE8}") = "BuildingBlocks", "BuildingBlocks", "{6AEFAD5D-6E69-4A48-980C-DC21965513BA}"
EndProject
Project("{2150E333-8FDC-42A3-9474-1A3956D46DE8}") = "Services", "Services", "{81EAABBB-8A37-4D01-829C-03DEBD6F0C78}"
EndProject
Project("{2150E333-8FDC-42A3-9474-1A3956D46DE8}") = "WebApps", "WebApps", "{1939D294-E945-4EA3-B5A9-9A295C37C032}"
EndProject
Project("{2150E333-8FDC-42A3-9474-1A3956D46DE8}") = "tests", "tests", "{90F0EB64-3640-46A3-AB81-BD18E2E94CE1}"
EndProject
Project("{FAE04EC0-301F-11D3-BF4B-00C04F79EFBC}") = "Common.Logging", "src\BuildingBlocks\Common.Logging\Common.Logging.csproj", "{ABC758FF-779A-431E-A984-9D65FC16EA18}"
EndProject
Project("{FAE04EC0-301F-11D3-BF4B-00C04F79EFBC}") = "EventBus.Messages", "src\BuildingBlocks\EventBus.Messages\EventBus.Messages.csproj", "{03BCB8F4-60A3-4A77-B1F0-9C85972137B5}"
EndProject
Project("{2150E333-8FDC-42A3-9474-1A3956D46DE8}") = "Basket", "Basket", "{882B3DE7-0492-4509-9013-8E7B5A11C078}"
EndProject
Project("{2150E333-8FDC-42A3-9474-1A3956D46DE8}") = "Customer", "Customer", "{9996B41D-1CA3-4C63-9D5F-722A9DDB34C5}"
EndProject
Project("{2150E333-8FDC-42A3-9474-1A3956D46DE8}") = "Inventory", "Inventory", "{E725C26E-C6D6-4DA1-8C8B-17C0B7A306BD}"
EndProject
Project("{2150E333-8FDC-42A3-9474-1A3956D46DE8}") = "Ordering", "Ordering", "{3F322FDF-7996-4AC7-87E9-455F0ACE1888}"
EndProject
Project("{2150E333-8FDC-42A3-9474-1A3956D46DE8}") = "Product", "Product", "{C8E35DB6-84A7-4F01-B443-15D9D9852C9B}"
EndProject
Project("{2150E333-8FDC-42A3-9474-1A3956D46DE8}") = "Scheduled.Job", "Scheduled.Job", "{FACCA251-4B96-4B0A-B896-F93B4B175A90}"
EndProject
Project("{FAE04EC0-301F-11D3-BF4B-00C04F79EFBC}") = "WebHeathStatus", "src\WebApps\WebHeathStatus\WebHeathStatus.csproj", "{F0D05B78-E440-4DE4-8770-630DAFB27736}"
EndProject
Project("{FAE04EC0-301F-11D3-BF4B-00C04F79EFBC}") = "Contracts", "src\BuildingBlocks\Contracts\Contracts.csproj", "{29FB3A1C-51C2-46A6-907F-2C96395E64FD}"
EndProject
Project("{FAE04EC0-301F-11D3-BF4B-00C04F79EFBC}") = "Shared", "src\BuildingBlocks\Shared\Shared.csproj", "{04014B5C-E21F-4C66-A44D-E61672F7FC86}"
EndProject
Project("{FAE04EC0-301F-11D3-BF4B-00C04F79EFBC}") = "Infrastructure", "src\BuildingBlocks\Infrastructure\Infrastructure.csproj", "{E59E5D1B-43B8-4D5E-9453-C7A589B99D0C}"
EndProject
Project("{FAE04EC0-301F-11D3-BF4B-00C04F79EFBC}") = "Basket.API", "src\Services\Basket.API\Basket.API.csproj", "{4982E0B4-B7A6-4687-A4E6-A5EB4B247865}"
EndProject
Project("{FAE04EC0-301F-11D3-BF4B-00C04F79EFBC}") = "Customer.API", "src\Services\Customer.API\Customer.API.csproj", "{5ACC9A47-6018-4027-A816-CC94AB7D2320}"
EndProject
Project("{FAE04EC0-301F-11D3-BF4B-00C04F79EFBC}") = "Inventory.API", "src\Services\Inventory.API\Inventory.API.csproj", "{B5D68299-57EC-44EF-B5FA-616A6C66E867}"
EndProject
Project("{FAE04EC0-301F-11D3-BF4B-00C04F79EFBC}") = "Order.API", "src\Services\Order.API\Order.API.csproj", "{B845CE38-2905-4B67-A591-DDB1E56ED095}"
EndProject
Project("{FAE04EC0-301F-11D3-BF4B-00C04F79EFBC}") = "Product.API", "src\Services\Product.API\Product.API.csproj", "{6603B615-065C-44E3-AC76-33C5FF332C19}"
EndProject
Project("{FAE04EC0-301F-11D3-BF4B-00C04F79EFBC}") = "Hangfire.API", "Hangfire.API\Hangfire.API.csproj", "{27190CA6-5DAC-4A47-AAE2-11D3634EE46B}"
EndProject
Project("{FAE04EC0-301F-11D3-BF4B-00C04F79EFBC}") = "OcelotApiGateway", "src\ApiGateways\OcelotApiGateway\OcelotApiGateway.csproj", "{C2BB7D01-D6EC-4BAD-A35E-DB41AB6D3A1C}"
EndProject
Global
	GlobalSection(SolutionConfigurationPlatforms) = preSolution
		Debug|Any CPU = Debug|Any CPU
		Release|Any CPU = Release|Any CPU
	EndGlobalSection
	GlobalSection(ProjectConfigurationPlatforms) = postSolution
		{ABC758FF-779A-431E-A984-9D65FC16EA18}.Debug|Any CPU.ActiveCfg = Debug|Any CPU
		{ABC758FF-779A-431E-A984-9D65FC16EA18}.Debug|Any CPU.Build.0 = Debug|Any CPU
		{ABC758FF-779A-431E-A984-9D65FC16EA18}.Release|Any CPU.ActiveCfg = Release|Any CPU
		{ABC758FF-779A-431E-A984-9D65FC16EA18}.Release|Any CPU.Build.0 = Release|Any CPU
		{03BCB8F4-60A3-4A77-B1F0-9C85972137B5}.Debug|Any CPU.ActiveCfg = Debug|Any CPU
		{03BCB8F4-60A3-4A77-B1F0-9C85972137B5}.Debug|Any CPU.Build.0 = Debug|Any CPU
		{03BCB8F4-60A3-4A77-B1F0-9C85972137B5}.Release|Any CPU.ActiveCfg = Release|Any CPU
		{03BCB8F4-60A3-4A77-B1F0-9C85972137B5}.Release|Any CPU.Build.0 = Release|Any CPU
		{F0D05B78-E440-4DE4-8770-630DAFB27736}.Debug|Any CPU.ActiveCfg = Debug|Any CPU
		{F0D05B78-E440-4DE4-8770-630DAFB27736}.Debug|Any CPU.Build.0 = Debug|Any CPU
		{F0D05B78-E440-4DE4-8770-630DAFB27736}.Release|Any CPU.ActiveCfg = Release|Any CPU
		{F0D05B78-E440-4DE4-8770-630DAFB27736}.Release|Any CPU.Build.0 = Release|Any CPU
		{29FB3A1C-51C2-46A6-907F-2C96395E64FD}.Debug|Any CPU.ActiveCfg = Debug|Any CPU
		{29FB3A1C-51C2-46A6-907F-2C96395E64FD}.Debug|Any CPU.Build.0 = Debug|Any CPU
		{29FB3A1C-51C2-46A6-907F-2C96395E64FD}.Release|Any CPU.ActiveCfg = Release|Any CPU
		{29FB3A1C-51C2-46A6-907F-2C96395E64FD}.Release|Any CPU.Build.0 = Release|Any CPU
		{04014B5C-E21F-4C66-A44D-E61672F7FC86}.Debug|Any CPU.ActiveCfg = Debug|Any CPU
		{04014B5C-E21F-4C66-A44D-E61672F7FC86}.Debug|Any CPU.Build.0 = Debug|Any CPU
		{04014B5C-E21F-4C66-A44D-E61672F7FC86}.Release|Any CPU.ActiveCfg = Release|Any CPU
		{04014B5C-E21F-4C66-A44D-E61672F7FC86}.Release|Any CPU.Build.0 = Release|Any CPU
		{E59E5D1B-43B8-4D5E-9453-C7A589B99D0C}.Debug|Any CPU.ActiveCfg = Debug|Any CPU
		{E59E5D1B-43B8-4D5E-9453-C7A589B99D0C}.Debug|Any CPU.Build.0 = Debug|Any CPU
		{E59E5D1B-43B8-4D5E-9453-C7A589B99D0C}.Release|Any CPU.ActiveCfg = Release|Any CPU
		{E59E5D1B-43B8-4D5E-9453-C7A589B99D0C}.Release|Any CPU.Build.0 = Release|Any CPU
		{4982E0B4-B7A6-4687-A4E6-A5EB4B247865}.Debug|Any CPU.ActiveCfg = Debug|Any CPU
		{4982E0B4-B7A6-4687-A4E6-A5EB4B247865}.Debug|Any CPU.Build.0 = Debug|Any CPU
		{4982E0B4-B7A6-4687-A4E6-A5EB4B247865}.Release|Any CPU.ActiveCfg = Release|Any CPU
		{4982E0B4-B7A6-4687-A4E6-A5EB4B247865}.Release|Any CPU.Build.0 = Release|Any CPU
		{5ACC9A47-6018-4027-A816-CC94AB7D2320}.Debug|Any CPU.ActiveCfg = Debug|Any CPU
		{5ACC9A47-6018-4027-A816-CC94AB7D2320}.Debug|Any CPU.Build.0 = Debug|Any CPU
		{5ACC9A47-6018-4027-A816-CC94AB7D2320}.Release|Any CPU.ActiveCfg = Release|Any CPU
		{5ACC9A47-6018-4027-A816-CC94AB7D2320}.Release|Any CPU.Build.0 = Release|Any CPU
		{B5D68299-57EC-44EF-B5FA-616A6C66E867}.Debug|Any CPU.ActiveCfg = Debug|Any CPU
		{B5D68299-57EC-44EF-B5FA-616A6C66E867}.Debug|Any CPU.Build.0 = Debug|Any CPU
		{B5D68299-57EC-44EF-B5FA-616A6C66E867}.Release|Any CPU.ActiveCfg = Release|Any CPU
		{B5D68299-57EC-44EF-B5FA-616A6C66E867}.Release|Any CPU.Build.0 = Release|Any CPU
		{B845CE38-2905-4B67-A591-DDB1E56ED095}.Debug|Any CPU.ActiveCfg = Debug|Any CPU
		{B845CE38-2905-4B67-A591-DDB1E56ED095}.Debug|Any CPU.Build.0 = Debug|Any CPU
		{B845CE38-2905-4B67-A591-DDB1E56ED095}.Release|Any CPU.ActiveCfg = Release|Any CPU
		{B845CE38-2905-4B67-A591-DDB1E56ED095}.Release|Any CPU.Build.0 = Release|Any CPU
		{6603B615-065C-44E3-AC76-33C5FF332C19}.Debug|Any CPU.ActiveCfg = Debug|Any CPU
		{6603B615-065C-44E3-AC76-33C5FF332C19}.Debug|Any CPU.Build.0 = Debug|Any CPU
		{6603B615-065C-44E3-AC76-33C5FF332C19}.Release|Any CPU.ActiveCfg = Release|Any CPU
		{6603B615-065C-44E3-AC76-33C5FF332C19}.Release|Any CPU.Build.0 = Release|Any CPU
		{27190CA6-5DAC-4A47-AAE2-11D3634EE46B}.Debug|Any CPU.ActiveCfg = Debug|Any CPU
		{27190CA6-5DAC-4A47-AAE2-11D3634EE46B}.Debug|Any CPU.Build.0 = Debug|Any CPU
		{27190CA6-5DAC-4A47-AAE2-11D3634EE46B}.Release|Any CPU.ActiveCfg = Release|Any CPU
		{27190CA6-5DAC-4A47-AAE2-11D3634EE46B}.Release|Any CPU.Build.0 = Release|Any CPU
		{C2BB7D01-D6EC-4BAD-A35E-DB41AB6D3A1C}.Debug|Any CPU.ActiveCfg = Debug|Any CPU
		{C2BB7D01-D6EC-4BAD-A35E-DB41AB6D3A1C}.Debug|Any CPU.Build.0 = Debug|Any CPU
		{C2BB7D01-D6EC-4BAD-A35E-DB41AB6D3A1C}.Release|Any CPU.ActiveCfg = Release|Any CPU
		{C2BB7D01-D6EC-4BAD-A35E-DB41AB6D3A1C}.Release|Any CPU.Build.0 = Release|Any CPU
	EndGlobalSection
	GlobalSection(SolutionProperties) = preSolution
		HideSolutionNode = FALSE
	EndGlobalSection
	GlobalSection(NestedProjects) = preSolution
		{08757548-6F8B-49A1-96AE-8BE1C0425269} = {D4667548-2890-4EE9-A135-C250ACABB418}
		{6AEFAD5D-6E69-4A48-980C-DC21965513BA} = {D4667548-2890-4EE9-A135-C250ACABB418}
		{81EAABBB-8A37-4D01-829C-03DEBD6F0C78} = {D4667548-2890-4EE9-A135-C250ACABB418}
		{1939D294-E945-4EA3-B5A9-9A295C37C032} = {D4667548-2890-4EE9-A135-C250ACABB418}
		{ABC758FF-779A-431E-A984-9D65FC16EA18} = {6AEFAD5D-6E69-4A48-980C-DC21965513BA}
		{03BCB8F4-60A3-4A77-B1F0-9C85972137B5} = {6AEFAD5D-6E69-4A48-980C-DC21965513BA}
		{882B3DE7-0492-4509-9013-8E7B5A11C078} = {81EAABBB-8A37-4D01-829C-03DEBD6F0C78}
		{9996B41D-1CA3-4C63-9D5F-722A9DDB34C5} = {81EAABBB-8A37-4D01-829C-03DEBD6F0C78}
		{E725C26E-C6D6-4DA1-8C8B-17C0B7A306BD} = {81EAABBB-8A37-4D01-829C-03DEBD6F0C78}
		{3F322FDF-7996-4AC7-87E9-455F0ACE1888} = {81EAABBB-8A37-4D01-829C-03DEBD6F0C78}
		{C8E35DB6-84A7-4F01-B443-15D9D9852C9B} = {81EAABBB-8A37-4D01-829C-03DEBD6F0C78}
		{FACCA251-4B96-4B0A-B896-F93B4B175A90} = {81EAABBB-8A37-4D01-829C-03DEBD6F0C78}
		{F0D05B78-E440-4DE4-8770-630DAFB27736} = {1939D294-E945-4EA3-B5A9-9A295C37C032}
		{29FB3A1C-51C2-46A6-907F-2C96395E64FD} = {6AEFAD5D-6E69-4A48-980C-DC21965513BA}
		{04014B5C-E21F-4C66-A44D-E61672F7FC86} = {6AEFAD5D-6E69-4A48-980C-DC21965513BA}
		{E59E5D1B-43B8-4D5E-9453-C7A589B99D0C} = {6AEFAD5D-6E69-4A48-980C-DC21965513BA}
		{4982E0B4-B7A6-4687-A4E6-A5EB4B247865} = {882B3DE7-0492-4509-9013-8E7B5A11C078}
		{5ACC9A47-6018-4027-A816-CC94AB7D2320} = {9996B41D-1CA3-4C63-9D5F-722A9DDB34C5}
		{B5D68299-57EC-44EF-B5FA-616A6C66E867} = {E725C26E-C6D6-4DA1-8C8B-17C0B7A306BD}
		{B845CE38-2905-4B67-A591-DDB1E56ED095} = {3F322FDF-7996-4AC7-87E9-455F0ACE1888}
		{6603B615-065C-44E3-AC76-33C5FF332C19} = {C8E35DB6-84A7-4F01-B443-15D9D9852C9B}
		{27190CA6-5DAC-4A47-AAE2-11D3634EE46B} = {FACCA251-4B96-4B0A-B896-F93B4B175A90}
		{C2BB7D01-D6EC-4BAD-A35E-DB41AB6D3A1C} = {08757548-6F8B-49A1-96AE-8BE1C0425269}
	EndGlobalSection
EndGlobal
